// !$*UTF8*$!
{
	archiveVersion = 1;
	classes = {
	};
	objectVersion = 56;
	objects = {

/* Begin PBXBuildFile section */
		0E3AC70A2BAC622500EC0AAE /* CartView.swift in Sources */ = {isa = PBXBuildFile; fileRef = 0E3AC7092BAC622500EC0AAE /* CartView.swift */; };
		901150E92BBC4CC8006C1924 /* SuccessfullyView.swift in Sources */ = {isa = PBXBuildFile; fileRef = 901150E82BBC4CC8006C1924 /* SuccessfullyView.swift */; };
		901150EB2BBC4CF4006C1924 /* CheckoutView.swift in Sources */ = {isa = PBXBuildFile; fileRef = 901150EA2BBC4CF4006C1924 /* CheckoutView.swift */; };
		906F64922BB435A500AA4186 /* LoginView.swift in Sources */ = {isa = PBXBuildFile; fileRef = 906F64912BB435A500AA4186 /* LoginView.swift */; };
		906F649E2BB4595A00AA4186 /* MensItemsView.swift in Sources */ = {isa = PBXBuildFile; fileRef = 906F649D2BB4595A00AA4186 /* MensItemsView.swift */; };
		90B7EE072BB6F8DF00415FF3 /* URLImage in Frameworks */ = {isa = PBXBuildFile; productRef = 90B7EE062BB6F8DF00415FF3 /* URLImage */; };
		90B7EE092BB6F8DF00415FF3 /* URLImageStore in Frameworks */ = {isa = PBXBuildFile; productRef = 90B7EE082BB6F8DF00415FF3 /* URLImageStore */; };
		90B7EE0C2BB7047500415FF3 /* SDWebImageSwiftUI in Frameworks */ = {isa = PBXBuildFile; productRef = 90B7EE0B2BB7047500415FF3 /* SDWebImageSwiftUI */; };
		90B7EE0E2BB7123500415FF3 /* DetailsViewModel.swift in Sources */ = {isa = PBXBuildFile; fileRef = 90B7EE0D2BB7123500415FF3 /* DetailsViewModel.swift */; };
		90BAD98D2BB845A600392A4F /* CartModel.swift in Sources */ = {isa = PBXBuildFile; fileRef = 90BAD98C2BB845A600392A4F /* CartModel.swift */; };
		90C8AAA62BA1D71A00D15AE5 /* COBSCCOMP4Y222P_004App.swift in Sources */ = {isa = PBXBuildFile; fileRef = 90C8AAA52BA1D71A00D15AE5 /* COBSCCOMP4Y222P_004App.swift */; };
		90C8AAA82BA1D71A00D15AE5 /* ContentView.swift in Sources */ = {isa = PBXBuildFile; fileRef = 90C8AAA72BA1D71A00D15AE5 /* ContentView.swift */; };
		90C8AAAA2BA1D71C00D15AE5 /* Assets.xcassets in Resources */ = {isa = PBXBuildFile; fileRef = 90C8AAA92BA1D71C00D15AE5 /* Assets.xcassets */; };
		90C8AAAD2BA1D71C00D15AE5 /* Preview Assets.xcassets in Resources */ = {isa = PBXBuildFile; fileRef = 90C8AAAC2BA1D71C00D15AE5 /* Preview Assets.xcassets */; };
		90C8AAB72BA1D71C00D15AE5 /* COBSCCOMP4Y222P_004Tests.swift in Sources */ = {isa = PBXBuildFile; fileRef = 90C8AAB62BA1D71C00D15AE5 /* COBSCCOMP4Y222P_004Tests.swift */; };
		90C8AAC12BA1D71C00D15AE5 /* COBSCCOMP4Y222P_004UITests.swift in Sources */ = {isa = PBXBuildFile; fileRef = 90C8AAC02BA1D71C00D15AE5 /* COBSCCOMP4Y222P_004UITests.swift */; };
		90C8AAC32BA1D71C00D15AE5 /* COBSCCOMP4Y222P_004UITestsLaunchTests.swift in Sources */ = {isa = PBXBuildFile; fileRef = 90C8AAC22BA1D71C00D15AE5 /* COBSCCOMP4Y222P_004UITestsLaunchTests.swift */; };
		A50589E62BB2AA2A009999FD /* PaymentView.swift in Sources */ = {isa = PBXBuildFile; fileRef = A50589E52BB2AA2A009999FD /* PaymentView.swift */; };
		A50589EC2BB2D6DE009999FD /* SignUpView.swift in Sources */ = {isa = PBXBuildFile; fileRef = A50589EB2BB2D6DE009999FD /* SignUpView.swift */; };
		A50589F02BB2D7DB009999FD /* DetailsView.swift in Sources */ = {isa = PBXBuildFile; fileRef = A50589EF2BB2D7DB009999FD /* DetailsView.swift */; };
		A50589F42BB302EA009999FD /* MensViewModel.swift in Sources */ = {isa = PBXBuildFile; fileRef = A50589F32BB302EA009999FD /* MensViewModel.swift */; };
		A50589F62BB3030A009999FD /* MensModel.swift in Sources */ = {isa = PBXBuildFile; fileRef = A50589F52BB3030A009999FD /* MensModel.swift */; };
		D0E6E15B2BB92B7900D1F350 /* ProductViewModel.swift in Sources */ = {isa = PBXBuildFile; fileRef = D0E6E15A2BB92B7900D1F350 /* ProductViewModel.swift */; };
		D0E6E1652BB9514400D1F350 /* HomeView.swift in Sources */ = {isa = PBXBuildFile; fileRef = D0E6E1642BB9514400D1F350 /* HomeView.swift */; };
		D0E6E16B2BB9696F00D1F350 /* Constants.swift in Sources */ = {isa = PBXBuildFile; fileRef = D0E6E16A2BB9696F00D1F350 /* Constants.swift */; };
		D0E6E1732BB976CD00D1F350 /* BottomBar.swift in Sources */ = {isa = PBXBuildFile; fileRef = D0E6E1722BB976CD00D1F350 /* BottomBar.swift */; };
		D0E6E1772BB9A12600D1F350 /* ProfileView.swift in Sources */ = {isa = PBXBuildFile; fileRef = D0E6E1762BB9A12600D1F350 /* ProfileView.swift */; };
/* End PBXBuildFile section */

/* Begin PBXContainerItemProxy section */
		90C8AAB32BA1D71C00D15AE5 /* PBXContainerItemProxy */ = {
			isa = PBXContainerItemProxy;
			containerPortal = 90C8AA9A2BA1D71A00D15AE5 /* Project object */;
			proxyType = 1;
			remoteGlobalIDString = 90C8AAA12BA1D71A00D15AE5;
			remoteInfo = "COBSCCOMP4Y222P-004";
		};
		90C8AABD2BA1D71C00D15AE5 /* PBXContainerItemProxy */ = {
			isa = PBXContainerItemProxy;
			containerPortal = 90C8AA9A2BA1D71A00D15AE5 /* Project object */;
			proxyType = 1;
			remoteGlobalIDString = 90C8AAA12BA1D71A00D15AE5;
			remoteInfo = "COBSCCOMP4Y222P-004";
		};
/* End PBXContainerItemProxy section */

/* Begin PBXFileReference section */
		0E3AC7092BAC622500EC0AAE /* CartView.swift */ = {isa = PBXFileReference; lastKnownFileType = sourcecode.swift; path = CartView.swift; sourceTree = "<group>"; };
		901150E82BBC4CC8006C1924 /* SuccessfullyView.swift */ = {isa = PBXFileReference; lastKnownFileType = sourcecode.swift; path = SuccessfullyView.swift; sourceTree = "<group>"; };
		901150EA2BBC4CF4006C1924 /* CheckoutView.swift */ = {isa = PBXFileReference; lastKnownFileType = sourcecode.swift; path = CheckoutView.swift; sourceTree = "<group>"; };
		906F64912BB435A500AA4186 /* LoginView.swift */ = {isa = PBXFileReference; lastKnownFileType = sourcecode.swift; path = LoginView.swift; sourceTree = "<group>"; };
		906F649D2BB4595A00AA4186 /* MensItemsView.swift */ = {isa = PBXFileReference; lastKnownFileType = sourcecode.swift; path = MensItemsView.swift; sourceTree = "<group>"; };
		90B7EE0D2BB7123500415FF3 /* DetailsViewModel.swift */ = {isa = PBXFileReference; lastKnownFileType = sourcecode.swift; path = DetailsViewModel.swift; sourceTree = "<group>"; };
		90BAD98C2BB845A600392A4F /* CartModel.swift */ = {isa = PBXFileReference; lastKnownFileType = sourcecode.swift; path = CartModel.swift; sourceTree = "<group>"; };
		90C8AAA22BA1D71A00D15AE5 /* COBSCCOMP4Y222P-004.app */ = {isa = PBXFileReference; explicitFileType = wrapper.application; includeInIndex = 0; path = "COBSCCOMP4Y222P-004.app"; sourceTree = BUILT_PRODUCTS_DIR; };
		90C8AAA52BA1D71A00D15AE5 /* COBSCCOMP4Y222P_004App.swift */ = {isa = PBXFileReference; lastKnownFileType = sourcecode.swift; path = COBSCCOMP4Y222P_004App.swift; sourceTree = "<group>"; };
		90C8AAA72BA1D71A00D15AE5 /* ContentView.swift */ = {isa = PBXFileReference; lastKnownFileType = sourcecode.swift; path = ContentView.swift; sourceTree = "<group>"; };
		90C8AAA92BA1D71C00D15AE5 /* Assets.xcassets */ = {isa = PBXFileReference; lastKnownFileType = folder.assetcatalog; path = Assets.xcassets; sourceTree = "<group>"; };
		90C8AAAC2BA1D71C00D15AE5 /* Preview Assets.xcassets */ = {isa = PBXFileReference; lastKnownFileType = folder.assetcatalog; path = "Preview Assets.xcassets"; sourceTree = "<group>"; };
		90C8AAB22BA1D71C00D15AE5 /* COBSCCOMP4Y222P-004Tests.xctest */ = {isa = PBXFileReference; explicitFileType = wrapper.cfbundle; includeInIndex = 0; path = "COBSCCOMP4Y222P-004Tests.xctest"; sourceTree = BUILT_PRODUCTS_DIR; };
		90C8AAB62BA1D71C00D15AE5 /* COBSCCOMP4Y222P_004Tests.swift */ = {isa = PBXFileReference; lastKnownFileType = sourcecode.swift; path = COBSCCOMP4Y222P_004Tests.swift; sourceTree = "<group>"; };
		90C8AABC2BA1D71C00D15AE5 /* COBSCCOMP4Y222P-004UITests.xctest */ = {isa = PBXFileReference; explicitFileType = wrapper.cfbundle; includeInIndex = 0; path = "COBSCCOMP4Y222P-004UITests.xctest"; sourceTree = BUILT_PRODUCTS_DIR; };
		90C8AAC02BA1D71C00D15AE5 /* COBSCCOMP4Y222P_004UITests.swift */ = {isa = PBXFileReference; lastKnownFileType = sourcecode.swift; path = COBSCCOMP4Y222P_004UITests.swift; sourceTree = "<group>"; };
		90C8AAC22BA1D71C00D15AE5 /* COBSCCOMP4Y222P_004UITestsLaunchTests.swift */ = {isa = PBXFileReference; lastKnownFileType = sourcecode.swift; path = COBSCCOMP4Y222P_004UITestsLaunchTests.swift; sourceTree = "<group>"; };
		A50589E52BB2AA2A009999FD /* PaymentView.swift */ = {isa = PBXFileReference; lastKnownFileType = sourcecode.swift; path = PaymentView.swift; sourceTree = "<group>"; };
		A50589EB2BB2D6DE009999FD /* SignUpView.swift */ = {isa = PBXFileReference; lastKnownFileType = sourcecode.swift; path = SignUpView.swift; sourceTree = "<group>"; };
		A50589EF2BB2D7DB009999FD /* DetailsView.swift */ = {isa = PBXFileReference; lastKnownFileType = sourcecode.swift; path = DetailsView.swift; sourceTree = "<group>"; };
		A50589F32BB302EA009999FD /* MensViewModel.swift */ = {isa = PBXFileReference; lastKnownFileType = sourcecode.swift; path = MensViewModel.swift; sourceTree = "<group>"; };
		A50589F52BB3030A009999FD /* MensModel.swift */ = {isa = PBXFileReference; lastKnownFileType = sourcecode.swift; path = MensModel.swift; sourceTree = "<group>"; };
		D0E6E15A2BB92B7900D1F350 /* ProductViewModel.swift */ = {isa = PBXFileReference; lastKnownFileType = sourcecode.swift; path = ProductViewModel.swift; sourceTree = "<group>"; };
		D0E6E1642BB9514400D1F350 /* HomeView.swift */ = {isa = PBXFileReference; lastKnownFileType = sourcecode.swift; path = HomeView.swift; sourceTree = "<group>"; };
		D0E6E16A2BB9696F00D1F350 /* Constants.swift */ = {isa = PBXFileReference; lastKnownFileType = sourcecode.swift; path = Constants.swift; sourceTree = "<group>"; };
		D0E6E1722BB976CD00D1F350 /* BottomBar.swift */ = {isa = PBXFileReference; lastKnownFileType = sourcecode.swift; path = BottomBar.swift; sourceTree = "<group>"; };
		D0E6E1762BB9A12600D1F350 /* ProfileView.swift */ = {isa = PBXFileReference; lastKnownFileType = sourcecode.swift; path = ProfileView.swift; sourceTree = "<group>"; };
/* End PBXFileReference section */

/* Begin PBXFrameworksBuildPhase section */
		90C8AA9F2BA1D71A00D15AE5 /* Frameworks */ = {
			isa = PBXFrameworksBuildPhase;
			buildActionMask = 2147483647;
			files = (
				90B7EE0C2BB7047500415FF3 /* SDWebImageSwiftUI in Frameworks */,
				90B7EE092BB6F8DF00415FF3 /* URLImageStore in Frameworks */,
				90B7EE072BB6F8DF00415FF3 /* URLImage in Frameworks */,
			);
			runOnlyForDeploymentPostprocessing = 0;
		};
		90C8AAAF2BA1D71C00D15AE5 /* Frameworks */ = {
			isa = PBXFrameworksBuildPhase;
			buildActionMask = 2147483647;
			files = (
			);
			runOnlyForDeploymentPostprocessing = 0;
		};
		90C8AAB92BA1D71C00D15AE5 /* Frameworks */ = {
			isa = PBXFrameworksBuildPhase;
			buildActionMask = 2147483647;
			files = (
			);
			runOnlyForDeploymentPostprocessing = 0;
		};
/* End PBXFrameworksBuildPhase section */

/* Begin PBXGroup section */
		90C8AA992BA1D71A00D15AE5 = {
			isa = PBXGroup;
			children = (
				90C8AAA42BA1D71A00D15AE5 /* COBSCCOMP4Y222P-004 */,
				90C8AAB52BA1D71C00D15AE5 /* COBSCCOMP4Y222P-004Tests */,
				90C8AABF2BA1D71C00D15AE5 /* COBSCCOMP4Y222P-004UITests */,
				90C8AAA32BA1D71A00D15AE5 /* Products */,
			);
			sourceTree = "<group>";
		};
		90C8AAA32BA1D71A00D15AE5 /* Products */ = {
			isa = PBXGroup;
			children = (
				90C8AAA22BA1D71A00D15AE5 /* COBSCCOMP4Y222P-004.app */,
				90C8AAB22BA1D71C00D15AE5 /* COBSCCOMP4Y222P-004Tests.xctest */,
				90C8AABC2BA1D71C00D15AE5 /* COBSCCOMP4Y222P-004UITests.xctest */,
			);
			name = Products;
			sourceTree = "<group>";
		};
		90C8AAA42BA1D71A00D15AE5 /* COBSCCOMP4Y222P-004 */ = {
			isa = PBXGroup;
			children = (
				D0E6E1612BB94D8800D1F350 /* Component */,
				A50589EA2BB2D691009999FD /* Model */,
				A50589E92BB2D608009999FD /* ViewModel */,
				90C8AACF2BA1D72B00D15AE5 /* View */,
				90C8AAA52BA1D71A00D15AE5 /* COBSCCOMP4Y222P_004App.swift */,
				90C8AAA72BA1D71A00D15AE5 /* ContentView.swift */,
				90C8AAA92BA1D71C00D15AE5 /* Assets.xcassets */,
				90C8AAAB2BA1D71C00D15AE5 /* Preview Content */,
			);
			path = "COBSCCOMP4Y222P-004";
			sourceTree = "<group>";
		};
		90C8AAAB2BA1D71C00D15AE5 /* Preview Content */ = {
			isa = PBXGroup;
			children = (
				90C8AAAC2BA1D71C00D15AE5 /* Preview Assets.xcassets */,
			);
			path = "Preview Content";
			sourceTree = "<group>";
		};
		90C8AAB52BA1D71C00D15AE5 /* COBSCCOMP4Y222P-004Tests */ = {
			isa = PBXGroup;
			children = (
				90C8AAB62BA1D71C00D15AE5 /* COBSCCOMP4Y222P_004Tests.swift */,
			);
			path = "COBSCCOMP4Y222P-004Tests";
			sourceTree = "<group>";
		};
		90C8AABF2BA1D71C00D15AE5 /* COBSCCOMP4Y222P-004UITests */ = {
			isa = PBXGroup;
			children = (
				90C8AAC02BA1D71C00D15AE5 /* COBSCCOMP4Y222P_004UITests.swift */,
				90C8AAC22BA1D71C00D15AE5 /* COBSCCOMP4Y222P_004UITestsLaunchTests.swift */,
			);
			path = "COBSCCOMP4Y222P-004UITests";
			sourceTree = "<group>";
		};
		90C8AACF2BA1D72B00D15AE5 /* View */ = {
			isa = PBXGroup;
			children = (
				0E3AC7092BAC622500EC0AAE /* CartView.swift */,
				A50589E52BB2AA2A009999FD /* PaymentView.swift */,
				A50589EB2BB2D6DE009999FD /* SignUpView.swift */,
				A50589EF2BB2D7DB009999FD /* DetailsView.swift */,
				906F64912BB435A500AA4186 /* LoginView.swift */,
				906F649D2BB4595A00AA4186 /* MensItemsView.swift */,
				D0E6E1642BB9514400D1F350 /* HomeView.swift */,
				D0E6E1762BB9A12600D1F350 /* ProfileView.swift */,
				901150E82BBC4CC8006C1924 /* SuccessfullyView.swift */,
				901150EA2BBC4CF4006C1924 /* CheckoutView.swift */,
			);
			path = View;
			sourceTree = "<group>";
		};
		A50589E92BB2D608009999FD /* ViewModel */ = {
			isa = PBXGroup;
			children = (
				A50589F32BB302EA009999FD /* MensViewModel.swift */,
				90B7EE0D2BB7123500415FF3 /* DetailsViewModel.swift */,
				D0E6E15A2BB92B7900D1F350 /* ProductViewModel.swift */,
			);
			path = ViewModel;
			sourceTree = "<group>";
		};
		A50589EA2BB2D691009999FD /* Model */ = {
			isa = PBXGroup;
			children = (
				A50589F52BB3030A009999FD /* MensModel.swift */,
				90BAD98C2BB845A600392A4F /* CartModel.swift */,
			);
			path = Model;
			sourceTree = "<group>";
		};
		D0E6E1612BB94D8800D1F350 /* Component */ = {
			isa = PBXGroup;
			children = (
				D0E6E16A2BB9696F00D1F350 /* Constants.swift */,
				D0E6E1722BB976CD00D1F350 /* BottomBar.swift */,
			);
			path = Component;
			sourceTree = "<group>";
		};
/* End PBXGroup section */

/* Begin PBXNativeTarget section */
		90C8AAA12BA1D71A00D15AE5 /* COBSCCOMP4Y222P-004 */ = {
			isa = PBXNativeTarget;
			buildConfigurationList = 90C8AAC62BA1D71C00D15AE5 /* Build configuration list for PBXNativeTarget "COBSCCOMP4Y222P-004" */;
			buildPhases = (
				90C8AA9E2BA1D71A00D15AE5 /* Sources */,
				90C8AA9F2BA1D71A00D15AE5 /* Frameworks */,
				90C8AAA02BA1D71A00D15AE5 /* Resources */,
			);
			buildRules = (
			);
			dependencies = (
			);
			name = "COBSCCOMP4Y222P-004";
			packageProductDependencies = (
				90B7EE062BB6F8DF00415FF3 /* URLImage */,
				90B7EE082BB6F8DF00415FF3 /* URLImageStore */,
				90B7EE0B2BB7047500415FF3 /* SDWebImageSwiftUI */,
			);
			productName = "COBSCCOMP4Y222P-004";
			productReference = 90C8AAA22BA1D71A00D15AE5 /* COBSCCOMP4Y222P-004.app */;
			productType = "com.apple.product-type.application";
		};
		90C8AAB12BA1D71C00D15AE5 /* COBSCCOMP4Y222P-004Tests */ = {
			isa = PBXNativeTarget;
			buildConfigurationList = 90C8AAC92BA1D71C00D15AE5 /* Build configuration list for PBXNativeTarget "COBSCCOMP4Y222P-004Tests" */;
			buildPhases = (
				90C8AAAE2BA1D71C00D15AE5 /* Sources */,
				90C8AAAF2BA1D71C00D15AE5 /* Frameworks */,
				90C8AAB02BA1D71C00D15AE5 /* Resources */,
			);
			buildRules = (
			);
			dependencies = (
				90C8AAB42BA1D71C00D15AE5 /* PBXTargetDependency */,
			);
			name = "COBSCCOMP4Y222P-004Tests";
			productName = "COBSCCOMP4Y222P-004Tests";
			productReference = 90C8AAB22BA1D71C00D15AE5 /* COBSCCOMP4Y222P-004Tests.xctest */;
			productType = "com.apple.product-type.bundle.unit-test";
		};
		90C8AABB2BA1D71C00D15AE5 /* COBSCCOMP4Y222P-004UITests */ = {
			isa = PBXNativeTarget;
			buildConfigurationList = 90C8AACC2BA1D71C00D15AE5 /* Build configuration list for PBXNativeTarget "COBSCCOMP4Y222P-004UITests" */;
			buildPhases = (
				90C8AAB82BA1D71C00D15AE5 /* Sources */,
				90C8AAB92BA1D71C00D15AE5 /* Frameworks */,
				90C8AABA2BA1D71C00D15AE5 /* Resources */,
			);
			buildRules = (
			);
			dependencies = (
				90C8AABE2BA1D71C00D15AE5 /* PBXTargetDependency */,
			);
			name = "COBSCCOMP4Y222P-004UITests";
			productName = "COBSCCOMP4Y222P-004UITests";
			productReference = 90C8AABC2BA1D71C00D15AE5 /* COBSCCOMP4Y222P-004UITests.xctest */;
			productType = "com.apple.product-type.bundle.ui-testing";
		};
/* End PBXNativeTarget section */

/* Begin PBXProject section */
		90C8AA9A2BA1D71A00D15AE5 /* Project object */ = {
			isa = PBXProject;
			attributes = {
				BuildIndependentTargetsInParallel = 1;
				LastSwiftUpdateCheck = 1520;
				LastUpgradeCheck = 1520;
				TargetAttributes = {
					90C8AAA12BA1D71A00D15AE5 = {
						CreatedOnToolsVersion = 15.2;
					};
					90C8AAB12BA1D71C00D15AE5 = {
						CreatedOnToolsVersion = 15.2;
						TestTargetID = 90C8AAA12BA1D71A00D15AE5;
					};
					90C8AABB2BA1D71C00D15AE5 = {
						CreatedOnToolsVersion = 15.2;
						TestTargetID = 90C8AAA12BA1D71A00D15AE5;
					};
				};
			};
			buildConfigurationList = 90C8AA9D2BA1D71A00D15AE5 /* Build configuration list for PBXProject "COBSCCOMP4Y222P-004" */;
			compatibilityVersion = "Xcode 14.0";
			developmentRegion = en;
			hasScannedForEncodings = 0;
			knownRegions = (
				en,
				Base,
			);
			mainGroup = 90C8AA992BA1D71A00D15AE5;
			packageReferences = (
				90B7EE052BB6F8DF00415FF3 /* XCRemoteSwiftPackageReference "url-image" */,
				90B7EE0A2BB7047500415FF3 /* XCRemoteSwiftPackageReference "SDWebImageSwiftUI" */,
			);
			productRefGroup = 90C8AAA32BA1D71A00D15AE5 /* Products */;
			projectDirPath = "";
			projectRoot = "";
			targets = (
				90C8AAA12BA1D71A00D15AE5 /* COBSCCOMP4Y222P-004 */,
				90C8AAB12BA1D71C00D15AE5 /* COBSCCOMP4Y222P-004Tests */,
				90C8AABB2BA1D71C00D15AE5 /* COBSCCOMP4Y222P-004UITests */,
			);
		};
/* End PBXProject section */

/* Begin PBXResourcesBuildPhase section */
		90C8AAA02BA1D71A00D15AE5 /* Resources */ = {
			isa = PBXResourcesBuildPhase;
			buildActionMask = 2147483647;
			files = (
				90C8AAAD2BA1D71C00D15AE5 /* Preview Assets.xcassets in Resources */,
				90C8AAAA2BA1D71C00D15AE5 /* Assets.xcassets in Resources */,
			);
			runOnlyForDeploymentPostprocessing = 0;
		};
		90C8AAB02BA1D71C00D15AE5 /* Resources */ = {
			isa = PBXResourcesBuildPhase;
			buildActionMask = 2147483647;
			files = (
			);
			runOnlyForDeploymentPostprocessing = 0;
		};
		90C8AABA2BA1D71C00D15AE5 /* Resources */ = {
			isa = PBXResourcesBuildPhase;
			buildActionMask = 2147483647;
			files = (
			);
			runOnlyForDeploymentPostprocessing = 0;
		};
/* End PBXResourcesBuildPhase section */

/* Begin PBXSourcesBuildPhase section */
		90C8AA9E2BA1D71A00D15AE5 /* Sources */ = {
			isa = PBXSourcesBuildPhase;
			buildActionMask = 2147483647;
			files = (
				90BAD98D2BB845A600392A4F /* CartModel.swift in Sources */,
				906F649E2BB4595A00AA4186 /* MensItemsView.swift in Sources */,
				A50589F42BB302EA009999FD /* MensViewModel.swift in Sources */,
				901150EB2BBC4CF4006C1924 /* CheckoutView.swift in Sources */,
				90B7EE0E2BB7123500415FF3 /* DetailsViewModel.swift in Sources */,
				A50589F62BB3030A009999FD /* MensModel.swift in Sources */,
				A50589F02BB2D7DB009999FD /* DetailsView.swift in Sources */,
				D0E6E16B2BB9696F00D1F350 /* Constants.swift in Sources */,
				D0E6E1732BB976CD00D1F350 /* BottomBar.swift in Sources */,
				0E3AC70A2BAC622500EC0AAE /* CartView.swift in Sources */,
				D0E6E1772BB9A12600D1F350 /* ProfileView.swift in Sources */,
				906F64922BB435A500AA4186 /* LoginView.swift in Sources */,
				90C8AAA82BA1D71A00D15AE5 /* ContentView.swift in Sources */,
				A50589E62BB2AA2A009999FD /* PaymentView.swift in Sources */,
				90C8AAA62BA1D71A00D15AE5 /* COBSCCOMP4Y222P_004App.swift in Sources */,
				D0E6E1652BB9514400D1F350 /* HomeView.swift in Sources */,
				901150E92BBC4CC8006C1924 /* SuccessfullyView.swift in Sources */,
				A50589EC2BB2D6DE009999FD /* SignUpView.swift in Sources */,
				D0E6E15B2BB92B7900D1F350 /* ProductViewModel.swift in Sources */,
			);
			runOnlyForDeploymentPostprocessing = 0;
		};
		90C8AAAE2BA1D71C00D15AE5 /* Sources */ = {
			isa = PBXSourcesBuildPhase;
			buildActionMask = 2147483647;
			files = (
				90C8AAB72BA1D71C00D15AE5 /* COBSCCOMP4Y222P_004Tests.swift in Sources */,
			);
			runOnlyForDeploymentPostprocessing = 0;
		};
		90C8AAB82BA1D71C00D15AE5 /* Sources */ = {
			isa = PBXSourcesBuildPhase;
			buildActionMask = 2147483647;
			files = (
				90C8AAC32BA1D71C00D15AE5 /* COBSCCOMP4Y222P_004UITestsLaunchTests.swift in Sources */,
				90C8AAC12BA1D71C00D15AE5 /* COBSCCOMP4Y222P_004UITests.swift in Sources */,
			);
			runOnlyForDeploymentPostprocessing = 0;
		};
/* End PBXSourcesBuildPhase section */

/* Begin PBXTargetDependency section */
		90C8AAB42BA1D71C00D15AE5 /* PBXTargetDependency */ = {
			isa = PBXTargetDependency;
			target = 90C8AAA12BA1D71A00D15AE5 /* COBSCCOMP4Y222P-004 */;
			targetProxy = 90C8AAB32BA1D71C00D15AE5 /* PBXContainerItemProxy */;
		};
		90C8AABE2BA1D71C00D15AE5 /* PBXTargetDependency */ = {
			isa = PBXTargetDependency;
			target = 90C8AAA12BA1D71A00D15AE5 /* COBSCCOMP4Y222P-004 */;
			targetProxy = 90C8AABD2BA1D71C00D15AE5 /* PBXContainerItemProxy */;
		};
/* End PBXTargetDependency section */

/* Begin XCBuildConfiguration section */
		90C8AAC42BA1D71C00D15AE5 /* Debug */ = {
			isa = XCBuildConfiguration;
			buildSettings = {
				ALWAYS_SEARCH_USER_PATHS = NO;
				ASSETCATALOG_COMPILER_GENERATE_SWIFT_ASSET_SYMBOL_EXTENSIONS = YES;
				CLANG_ANALYZER_NONNULL = YES;
				CLANG_ANALYZER_NUMBER_OBJECT_CONVERSION = YES_AGGRESSIVE;
				CLANG_CXX_LANGUAGE_STANDARD = "gnu++20";
				CLANG_ENABLE_MODULES = YES;
				CLANG_ENABLE_OBJC_ARC = YES;
				CLANG_ENABLE_OBJC_WEAK = YES;
				CLANG_WARN_BLOCK_CAPTURE_AUTORELEASING = YES;
				CLANG_WARN_BOOL_CONVERSION = YES;
				CLANG_WARN_COMMA = YES;
				CLANG_WARN_CONSTANT_CONVERSION = YES;
				CLANG_WARN_DEPRECATED_OBJC_IMPLEMENTATIONS = YES;
				CLANG_WARN_DIRECT_OBJC_ISA_USAGE = YES_ERROR;
				CLANG_WARN_DOCUMENTATION_COMMENTS = YES;
				CLANG_WARN_EMPTY_BODY = YES;
				CLANG_WARN_ENUM_CONVERSION = YES;
				CLANG_WARN_INFINITE_RECURSION = YES;
				CLANG_WARN_INT_CONVERSION = YES;
				CLANG_WARN_NON_LITERAL_NULL_CONVERSION = YES;
				CLANG_WARN_OBJC_IMPLICIT_RETAIN_SELF = YES;
				CLANG_WARN_OBJC_LITERAL_CONVERSION = YES;
				CLANG_WARN_OBJC_ROOT_CLASS = YES_ERROR;
				CLANG_WARN_QUOTED_INCLUDE_IN_FRAMEWORK_HEADER = YES;
				CLANG_WARN_RANGE_LOOP_ANALYSIS = YES;
				CLANG_WARN_STRICT_PROTOTYPES = YES;
				CLANG_WARN_SUSPICIOUS_MOVE = YES;
				CLANG_WARN_UNGUARDED_AVAILABILITY = YES_AGGRESSIVE;
				CLANG_WARN_UNREACHABLE_CODE = YES;
				CLANG_WARN__DUPLICATE_METHOD_MATCH = YES;
				COPY_PHASE_STRIP = NO;
				DEBUG_INFORMATION_FORMAT = dwarf;
				ENABLE_STRICT_OBJC_MSGSEND = YES;
				ENABLE_TESTABILITY = YES;
				ENABLE_USER_SCRIPT_SANDBOXING = YES;
				GCC_C_LANGUAGE_STANDARD = gnu17;
				GCC_DYNAMIC_NO_PIC = NO;
				GCC_NO_COMMON_BLOCKS = YES;
				GCC_OPTIMIZATION_LEVEL = 0;
				GCC_PREPROCESSOR_DEFINITIONS = (
					"DEBUG=1",
					"$(inherited)",
				);
				GCC_WARN_64_TO_32_BIT_CONVERSION = YES;
				GCC_WARN_ABOUT_RETURN_TYPE = YES_ERROR;
				GCC_WARN_UNDECLARED_SELECTOR = YES;
				GCC_WARN_UNINITIALIZED_AUTOS = YES_AGGRESSIVE;
				GCC_WARN_UNUSED_FUNCTION = YES;
				GCC_WARN_UNUSED_VARIABLE = YES;
				IPHONEOS_DEPLOYMENT_TARGET = 17.2;
				LOCALIZATION_PREFERS_STRING_CATALOGS = YES;
				MTL_ENABLE_DEBUG_INFO = INCLUDE_SOURCE;
				MTL_FAST_MATH = YES;
				ONLY_ACTIVE_ARCH = YES;
				SDKROOT = iphoneos;
				SWIFT_ACTIVE_COMPILATION_CONDITIONS = "DEBUG $(inherited)";
				SWIFT_OPTIMIZATION_LEVEL = "-Onone";
			};
			name = Debug;
		};
		90C8AAC52BA1D71C00D15AE5 /* Release */ = {
			isa = XCBuildConfiguration;
			buildSettings = {
				ALWAYS_SEARCH_USER_PATHS = NO;
				ASSETCATALOG_COMPILER_GENERATE_SWIFT_ASSET_SYMBOL_EXTENSIONS = YES;
				CLANG_ANALYZER_NONNULL = YES;
				CLANG_ANALYZER_NUMBER_OBJECT_CONVERSION = YES_AGGRESSIVE;
				CLANG_CXX_LANGUAGE_STANDARD = "gnu++20";
				CLANG_ENABLE_MODULES = YES;
				CLANG_ENABLE_OBJC_ARC = YES;
				CLANG_ENABLE_OBJC_WEAK = YES;
				CLANG_WARN_BLOCK_CAPTURE_AUTORELEASING = YES;
				CLANG_WARN_BOOL_CONVERSION = YES;
				CLANG_WARN_COMMA = YES;
				CLANG_WARN_CONSTANT_CONVERSION = YES;
				CLANG_WARN_DEPRECATED_OBJC_IMPLEMENTATIONS = YES;
				CLANG_WARN_DIRECT_OBJC_ISA_USAGE = YES_ERROR;
				CLANG_WARN_DOCUMENTATION_COMMENTS = YES;
				CLANG_WARN_EMPTY_BODY = YES;
				CLANG_WARN_ENUM_CONVERSION = YES;
				CLANG_WARN_INFINITE_RECURSION = YES;
				CLANG_WARN_INT_CONVERSION = YES;
				CLANG_WARN_NON_LITERAL_NULL_CONVERSION = YES;
				CLANG_WARN_OBJC_IMPLICIT_RETAIN_SELF = YES;
				CLANG_WARN_OBJC_LITERAL_CONVERSION = YES;
				CLANG_WARN_OBJC_ROOT_CLASS = YES_ERROR;
				CLANG_WARN_QUOTED_INCLUDE_IN_FRAMEWORK_HEADER = YES;
				CLANG_WARN_RANGE_LOOP_ANALYSIS = YES;
				CLANG_WARN_STRICT_PROTOTYPES = YES;
				CLANG_WARN_SUSPICIOUS_MOVE = YES;
				CLANG_WARN_UNGUARDED_AVAILABILITY = YES_AGGRESSIVE;
				CLANG_WARN_UNREACHABLE_CODE = YES;
				CLANG_WARN__DUPLICATE_METHOD_MATCH = YES;
				COPY_PHASE_STRIP = NO;
				DEBUG_INFORMATION_FORMAT = "dwarf-with-dsym";
				ENABLE_NS_ASSERTIONS = NO;
				ENABLE_STRICT_OBJC_MSGSEND = YES;
				ENABLE_USER_SCRIPT_SANDBOXING = YES;
				GCC_C_LANGUAGE_STANDARD = gnu17;
				GCC_NO_COMMON_BLOCKS = YES;
				GCC_WARN_64_TO_32_BIT_CONVERSION = YES;
				GCC_WARN_ABOUT_RETURN_TYPE = YES_ERROR;
				GCC_WARN_UNDECLARED_SELECTOR = YES;
				GCC_WARN_UNINITIALIZED_AUTOS = YES_AGGRESSIVE;
				GCC_WARN_UNUSED_FUNCTION = YES;
				GCC_WARN_UNUSED_VARIABLE = YES;
				IPHONEOS_DEPLOYMENT_TARGET = 17.2;
				LOCALIZATION_PREFERS_STRING_CATALOGS = YES;
				MTL_ENABLE_DEBUG_INFO = NO;
				MTL_FAST_MATH = YES;
				SDKROOT = iphoneos;
				SWIFT_COMPILATION_MODE = wholemodule;
				VALIDATE_PRODUCT = YES;
			};
			name = Release;
		};
		90C8AAC72BA1D71C00D15AE5 /* Debug */ = {
			isa = XCBuildConfiguration;
			buildSettings = {
				ASSETCATALOG_COMPILER_APPICON_NAME = AppIcon;
				ASSETCATALOG_COMPILER_GLOBAL_ACCENT_COLOR_NAME = AccentColor;
				CODE_SIGN_STYLE = Automatic;
				CURRENT_PROJECT_VERSION = 1;
				DEVELOPMENT_ASSET_PATHS = "\"COBSCCOMP4Y222P-004/Preview Content\"";
				DEVELOPMENT_TEAM = JLRZY72QAZ;
				ENABLE_PREVIEWS = YES;
				GENERATE_INFOPLIST_FILE = YES;
				INFOPLIST_KEY_UIApplicationSceneManifest_Generation = YES;
				INFOPLIST_KEY_UIApplicationSupportsIndirectInputEvents = YES;
				INFOPLIST_KEY_UILaunchScreen_Generation = YES;
				INFOPLIST_KEY_UISupportedInterfaceOrientations_iPad = "UIInterfaceOrientationPortrait UIInterfaceOrientationPortraitUpsideDown UIInterfaceOrientationLandscapeLeft UIInterfaceOrientationLandscapeRight";
				INFOPLIST_KEY_UISupportedInterfaceOrientations_iPhone = "UIInterfaceOrientationPortrait UIInterfaceOrientationLandscapeLeft UIInterfaceOrientationLandscapeRight";
				LD_RUNPATH_SEARCH_PATHS = (
					"$(inherited)",
					"@executable_path/Frameworks",
				);
				MARKETING_VERSION = 1.0;
				PRODUCT_BUNDLE_IDENTIFIER = "NIBM.COBSCCOMP4Y222P-004";
				PRODUCT_NAME = "$(TARGET_NAME)";
				SWIFT_EMIT_LOC_STRINGS = YES;
				SWIFT_VERSION = 5.0;
				TARGETED_DEVICE_FAMILY = "1,2";
			};
			name = Debug;
		};
		90C8AAC82BA1D71C00D15AE5 /* Release */ = {
			isa = XCBuildConfiguration;
			buildSettings = {
				ASSETCATALOG_COMPILER_APPICON_NAME = AppIcon;
				ASSETCATALOG_COMPILER_GLOBAL_ACCENT_COLOR_NAME = AccentColor;
				CODE_SIGN_STYLE = Automatic;
				CURRENT_PROJECT_VERSION = 1;
				DEVELOPMENT_ASSET_PATHS = "\"COBSCCOMP4Y222P-004/Preview Content\"";
				DEVELOPMENT_TEAM = JLRZY72QAZ;
				ENABLE_PREVIEWS = YES;
				GENERATE_INFOPLIST_FILE = YES;
				INFOPLIST_KEY_UIApplicationSceneManifest_Generation = YES;
				INFOPLIST_KEY_UIApplicationSupportsIndirectInputEvents = YES;
				INFOPLIST_KEY_UILaunchScreen_Generation = YES;
				INFOPLIST_KEY_UISupportedInterfaceOrientations_iPad = "UIInterfaceOrientationPortrait UIInterfaceOrientationPortraitUpsideDown UIInterfaceOrientationLandscapeLeft UIInterfaceOrientationLandscapeRight";
				INFOPLIST_KEY_UISupportedInterfaceOrientations_iPhone = "UIInterfaceOrientationPortrait UIInterfaceOrientationLandscapeLeft UIInterfaceOrientationLandscapeRight";
				LD_RUNPATH_SEARCH_PATHS = (
					"$(inherited)",
					"@executable_path/Frameworks",
				);
				MARKETING_VERSION = 1.0;
				PRODUCT_BUNDLE_IDENTIFIER = "NIBM.COBSCCOMP4Y222P-004";
				PRODUCT_NAME = "$(TARGET_NAME)";
				SWIFT_EMIT_LOC_STRINGS = YES;
				SWIFT_VERSION = 5.0;
				TARGETED_DEVICE_FAMILY = "1,2";
			};
			name = Release;
		};
		90C8AACA2BA1D71C00D15AE5 /* Debug */ = {
			isa = XCBuildConfiguration;
			buildSettings = {
				ALWAYS_EMBED_SWIFT_STANDARD_LIBRARIES = YES;
				BUNDLE_LOADER = "$(TEST_HOST)";
				CODE_SIGN_STYLE = Automatic;
				CURRENT_PROJECT_VERSION = 1;
				DEVELOPMENT_TEAM = JLRZY72QAZ;
				GENERATE_INFOPLIST_FILE = YES;
				IPHONEOS_DEPLOYMENT_TARGET = 17.2;
				MARKETING_VERSION = 1.0;
				PRODUCT_BUNDLE_IDENTIFIER = "NIBM.COBSCCOMP4Y222P-004Tests";
				PRODUCT_NAME = "$(TARGET_NAME)";
				SWIFT_EMIT_LOC_STRINGS = NO;
				SWIFT_VERSION = 5.0;
				TARGETED_DEVICE_FAMILY = "1,2";
				TEST_HOST = "$(BUILT_PRODUCTS_DIR)/COBSCCOMP4Y222P-004.app/$(BUNDLE_EXECUTABLE_FOLDER_PATH)/COBSCCOMP4Y222P-004";
			};
			name = Debug;
		};
		90C8AACB2BA1D71C00D15AE5 /* Release */ = {
			isa = XCBuildConfiguration;
			buildSettings = {
				ALWAYS_EMBED_SWIFT_STANDARD_LIBRARIES = YES;
				BUNDLE_LOADER = "$(TEST_HOST)";
				CODE_SIGN_STYLE = Automatic;
				CURRENT_PROJECT_VERSION = 1;
				DEVELOPMENT_TEAM = JLRZY72QAZ;
				GENERATE_INFOPLIST_FILE = YES;
				IPHONEOS_DEPLOYMENT_TARGET = 17.2;
				MARKETING_VERSION = 1.0;
				PRODUCT_BUNDLE_IDENTIFIER = "NIBM.COBSCCOMP4Y222P-004Tests";
				PRODUCT_NAME = "$(TARGET_NAME)";
				SWIFT_EMIT_LOC_STRINGS = NO;
				SWIFT_VERSION = 5.0;
				TARGETED_DEVICE_FAMILY = "1,2";
				TEST_HOST = "$(BUILT_PRODUCTS_DIR)/COBSCCOMP4Y222P-004.app/$(BUNDLE_EXECUTABLE_FOLDER_PATH)/COBSCCOMP4Y222P-004";
			};
			name = Release;
		};
		90C8AACD2BA1D71C00D15AE5 /* Debug */ = {
			isa = XCBuildConfiguration;
			buildSettings = {
				ALWAYS_EMBED_SWIFT_STANDARD_LIBRARIES = YES;
				CODE_SIGN_STYLE = Automatic;
				CURRENT_PROJECT_VERSION = 1;
				DEVELOPMENT_TEAM = JLRZY72QAZ;
				GENERATE_INFOPLIST_FILE = YES;
				MARKETING_VERSION = 1.0;
				PRODUCT_BUNDLE_IDENTIFIER = "NIBM.COBSCCOMP4Y222P-004UITests";
				PRODUCT_NAME = "$(TARGET_NAME)";
				SWIFT_EMIT_LOC_STRINGS = NO;
				SWIFT_VERSION = 5.0;
				TARGETED_DEVICE_FAMILY = "1,2";
				TEST_TARGET_NAME = "COBSCCOMP4Y222P-004";
			};
			name = Debug;
		};
		90C8AACE2BA1D71C00D15AE5 /* Release */ = {
			isa = XCBuildConfiguration;
			buildSettings = {
				ALWAYS_EMBED_SWIFT_STANDARD_LIBRARIES = YES;
				CODE_SIGN_STYLE = Automatic;
				CURRENT_PROJECT_VERSION = 1;
				DEVELOPMENT_TEAM = JLRZY72QAZ;
				GENERATE_INFOPLIST_FILE = YES;
				MARKETING_VERSION = 1.0;
				PRODUCT_BUNDLE_IDENTIFIER = "NIBM.COBSCCOMP4Y222P-004UITests";
				PRODUCT_NAME = "$(TARGET_NAME)";
				SWIFT_EMIT_LOC_STRINGS = NO;
				SWIFT_VERSION = 5.0;
				TARGETED_DEVICE_FAMILY = "1,2";
				TEST_TARGET_NAME = "COBSCCOMP4Y222P-004";
			};
			name = Release;
		};
/* End XCBuildConfiguration section */

/* Begin XCConfigurationList section */
		90C8AA9D2BA1D71A00D15AE5 /* Build configuration list for PBXProject "COBSCCOMP4Y222P-004" */ = {
			isa = XCConfigurationList;
			buildConfigurations = (
				90C8AAC42BA1D71C00D15AE5 /* Debug */,
				90C8AAC52BA1D71C00D15AE5 /* Release */,
			);
			defaultConfigurationIsVisible = 0;
			defaultConfigurationName = Release;
		};
		90C8AAC62BA1D71C00D15AE5 /* Build configuration list for PBXNativeTarget "COBSCCOMP4Y222P-004" */ = {
			isa = XCConfigurationList;
			buildConfigurations = (
				90C8AAC72BA1D71C00D15AE5 /* Debug */,
				90C8AAC82BA1D71C00D15AE5 /* Release */,
			);
			defaultConfigurationIsVisible = 0;
			defaultConfigurationName = Release;
		};
		90C8AAC92BA1D71C00D15AE5 /* Build configuration list for PBXNativeTarget "COBSCCOMP4Y222P-004Tests" */ = {
			isa = XCConfigurationList;
			buildConfigurations = (
				90C8AACA2BA1D71C00D15AE5 /* Debug */,
				90C8AACB2BA1D71C00D15AE5 /* Release */,
			);
			defaultConfigurationIsVisible = 0;
			defaultConfigurationName = Release;
		};
		90C8AACC2BA1D71C00D15AE5 /* Build configuration list for PBXNativeTarget "COBSCCOMP4Y222P-004UITests" */ = {
			isa = XCConfigurationList;
			buildConfigurations = (
				90C8AACD2BA1D71C00D15AE5 /* Debug */,
				90C8AACE2BA1D71C00D15AE5 /* Release */,
			);
			defaultConfigurationIsVisible = 0;
			defaultConfigurationName = Release;
		};
/* End XCConfigurationList section */

/* Begin XCRemoteSwiftPackageReference section */
		90B7EE052BB6F8DF00415FF3 /* XCRemoteSwiftPackageReference "url-image" */ = {
			isa = XCRemoteSwiftPackageReference;
			repositoryURL = "https://github.com/dmytro-anokhin/url-image.git";
			requirement = {
				kind = upToNextMajorVersion;
				minimumVersion = 3.1.1;
			};
		};
		90B7EE0A2BB7047500415FF3 /* XCRemoteSwiftPackageReference "SDWebImageSwiftUI" */ = {
			isa = XCRemoteSwiftPackageReference;
			repositoryURL = "https://github.com/SDWebImage/SDWebImageSwiftUI.git";
			requirement = {
				kind = upToNextMajorVersion;
				minimumVersion = 3.0.2;
			};
		};
/* End XCRemoteSwiftPackageReference section */

/* Begin XCSwiftPackageProductDependency section */
		90B7EE062BB6F8DF00415FF3 /* URLImage */ = {
			isa = XCSwiftPackageProductDependency;
			package = 90B7EE052BB6F8DF00415FF3 /* XCRemoteSwiftPackageReference "url-image" */;
			productName = URLImage;
		};
		90B7EE082BB6F8DF00415FF3 /* URLImageStore */ = {
			isa = XCSwiftPackageProductDependency;
			package = 90B7EE052BB6F8DF00415FF3 /* XCRemoteSwiftPackageReference "url-image" */;
			productName = URLImageStore;
		};
		90B7EE0B2BB7047500415FF3 /* SDWebImageSwiftUI */ = {
			isa = XCSwiftPackageProductDependency;
			package = 90B7EE0A2BB7047500415FF3 /* XCRemoteSwiftPackageReference "SDWebImageSwiftUI" */;
			productName = SDWebImageSwiftUI;
		};
/* End XCSwiftPackageProductDependency section */
	};
	rootObject = 90C8AA9A2BA1D71A00D15AE5 /* Project object */;
}
